
Microsoft Visual Studio Solution File, Format Version 12.00
# Visual Studio Version 17
VisualStudioVersion = 17.4.33122.133
MinimumVisualStudioVersion = 10.0.40219.1
Project("{8BC9CEB8-8B4A-11D0-8D11-00A0C91BC942}") = "01_seq", "01_seq\01_seq.vcxproj", "{6B5665AD-DC07-4952-8E36-4D12FF4504A1}"
EndProject
Project("{8BC9CEB8-8B4A-11D0-8D11-00A0C91BC942}") = "01_omp", "01_omp\01_omp.vcxproj", "{549B8FD2-3578-46E0-B252-DD71E5AB3FA2}"
EndProject
Project("{8BC9CEB8-8B4A-11D0-8D11-00A0C91BC942}") = "03_omp", "03_omp\03_omp.vcxproj", "{FA422999-357D-4A05-8F2C-AC152153E7D7}"
EndProject
Project("{8BC9CEB8-8B4A-11D0-8D11-00A0C91BC942}") = "03_seq", "03_seq\03_seq.vcxproj", "{9B7A6A79-3771-41B9-8621-E134E3D42303}"
EndProject
Project("{8BC9CEB8-8B4A-11D0-8D11-00A0C91BC942}") = "10_mpi", "10_mpi\10_mpi.vcxproj", "{BE31A389-FE51-4321-A9FB-BEE688505B7B}"
EndProject
Global
	GlobalSection(SolutionConfigurationPlatforms) = preSolution
		Debug|x64 = Debug|x64
		Debug|x86 = Debug|x86
		Release|x64 = Release|x64
		Release|x86 = Release|x86
	EndGlobalSection
	GlobalSection(ProjectConfigurationPlatforms) = postSolution
		{6B5665AD-DC07-4952-8E36-4D12FF4504A1}.Debug|x64.ActiveCfg = Debug|x64
		{6B5665AD-DC07-4952-8E36-4D12FF4504A1}.Debug|x64.Build.0 = Debug|x64
		{6B5665AD-DC07-4952-8E36-4D12FF4504A1}.Debug|x86.ActiveCfg = Debug|Win32
		{6B5665AD-DC07-4952-8E36-4D12FF4504A1}.Debug|x86.Build.0 = Debug|Win32
		{6B5665AD-DC07-4952-8E36-4D12FF4504A1}.Release|x64.ActiveCfg = Release|x64
		{6B5665AD-DC07-4952-8E36-4D12FF4504A1}.Release|x64.Build.0 = Release|x64
		{6B5665AD-DC07-4952-8E36-4D12FF4504A1}.Release|x86.ActiveCfg = Release|Win32
		{6B5665AD-DC07-4952-8E36-4D12FF4504A1}.Release|x86.Build.0 = Release|Win32
		{549B8FD2-3578-46E0-B252-DD71E5AB3FA2}.Debug|x64.ActiveCfg = Debug|x64
		{549B8FD2-3578-46E0-B252-DD71E5AB3FA2}.Debug|x64.Build.0 = Debug|x64
		{549B8FD2-3578-46E0-B252-DD71E5AB3FA2}.Debug|x86.ActiveCfg = Debug|Win32
		{549B8FD2-3578-46E0-B252-DD71E5AB3FA2}.Debug|x86.Build.0 = Debug|Win32
		{549B8FD2-3578-46E0-B252-DD71E5AB3FA2}.Release|x64.ActiveCfg = Release|x64
		{549B8FD2-3578-46E0-B252-DD71E5AB3FA2}.Release|x64.Build.0 = Release|x64
		{549B8FD2-3578-46E0-B252-DD71E5AB3FA2}.Release|x86.ActiveCfg = Release|Win32
		{549B8FD2-3578-46E0-B252-DD71E5AB3FA2}.Release|x86.Build.0 = Release|Win32
		{FA422999-357D-4A05-8F2C-AC152153E7D7}.Debug|x64.ActiveCfg = Debug|x64
		{FA422999-357D-4A05-8F2C-AC152153E7D7}.Debug|x64.Build.0 = Debug|x64
		{FA422999-357D-4A05-8F2C-AC152153E7D7}.Debug|x86.ActiveCfg = Debug|Win32
		{FA422999-357D-4A05-8F2C-AC152153E7D7}.Debug|x86.Build.0 = Debug|Win32
		{FA422999-357D-4A05-8F2C-AC152153E7D7}.Release|x64.ActiveCfg = Release|x64
		{FA422999-357D-4A05-8F2C-AC152153E7D7}.Release|x64.Build.0 = Release|x64
		{FA422999-357D-4A05-8F2C-AC152153E7D7}.Release|x86.ActiveCfg = Release|Win32
		{FA422999-357D-4A05-8F2C-AC152153E7D7}.Release|x86.Build.0 = Release|Win32
		{9B7A6A79-3771-41B9-8621-E134E3D42303}.Debug|x64.ActiveCfg = Debug|x64
		{9B7A6A79-3771-41B9-8621-E134E3D42303}.Debug|x64.Build.0 = Debug|x64
		{9B7A6A79-3771-41B9-8621-E134E3D42303}.Debug|x86.ActiveCfg = Debug|Win32
		{9B7A6A79-3771-41B9-8621-E134E3D42303}.Debug|x86.Build.0 = Debug|Win32
		{9B7A6A79-3771-41B9-8621-E134E3D42303}.Release|x64.ActiveCfg = Release|x64
		{9B7A6A79-3771-41B9-8621-E134E3D42303}.Release|x64.Build.0 = Release|x64
		{9B7A6A79-3771-41B9-8621-E134E3D42303}.Release|x86.ActiveCfg = Release|Win32
		{9B7A6A79-3771-41B9-8621-E134E3D42303}.Release|x86.Build.0 = Release|Win32
		{BE31A389-FE51-4321-A9FB-BEE688505B7B}.Debug|x64.ActiveCfg = Debug|x64
		{BE31A389-FE51-4321-A9FB-BEE688505B7B}.Debug|x64.Build.0 = Debug|x64
		{BE31A389-FE51-4321-A9FB-BEE688505B7B}.Debug|x86.ActiveCfg = Debug|Win32
		{BE31A389-FE51-4321-A9FB-BEE688505B7B}.Debug|x86.Build.0 = Debug|Win32
		{BE31A389-FE51-4321-A9FB-BEE688505B7B}.Release|x64.ActiveCfg = Release|x64
		{BE31A389-FE51-4321-A9FB-BEE688505B7B}.Release|x64.Build.0 = Release|x64
		{BE31A389-FE51-4321-A9FB-BEE688505B7B}.Release|x86.ActiveCfg = Release|Win32
		{BE31A389-FE51-4321-A9FB-BEE688505B7B}.Release|x86.Build.0 = Release|Win32
	EndGlobalSection
	GlobalSection(SolutionProperties) = preSolution
		HideSolutionNode = FALSE
	EndGlobalSection
	GlobalSection(ExtensibilityGlobals) = postSolution
		SolutionGuid = {CB3EE2A4-76E1-4BE2-BA7E-8AB5850A2B04}
	EndGlobalSection
EndGlobal
